github.com/go-ole/go-ole v1.2.4 h1:nNBDSCOigTSiarFpYE9J/KtEA1IOW4CNeqT9TQDqCxI=
github.com/go-ole/go-ole v1.2.4/go.mod h1:XCwSNxSkXRo4vlyPy93sltvi/qJq0jqQhjqQNIwKuxM=
github.com/scjalliance/comshim v0.0.0-20190308082608-cf06d2532c4e h1:+/AzLkOdIXEPrAQtwAeWOBnPQ0BnYlBW0aCZmSb47u4=
github.com/scjalliance/comshim v0.0.0-20190308082608-cf06d2532c4e/go.mod h1:9Tc1SKnfACJb9N7cw2eyuI6xzy845G7uZONBsi5uPEA=
golang.org/x/sys v0.0.0-20200622182413-4b0db7f3f76b h1:K/lGZjl2fciTddokWoFMrsvKYoudTOUiqj7yfBHYIZk=
golang.org/x/sys v0.0.0-20200622182413-4b0db7f3f76b/go.mod h1:h1NjWce9XRLGQEsW7wpKNCjG9DtNlClVuFLEZdDNbEs=
